
Microsoft Visual Studio Solution File, Format Version 12.00
# Visual Studio Version 16
VisualStudioVersion = 16.0.29102.190
MinimumVisualStudioVersion = 10.0.40219.1
Project("{FAE04EC0-301F-11D3-BF4B-00C04F79EFBC}") = "Testing_Project_CRUD", "Testing_Project_CRUD.csproj", "{A28DF5B3-361F-40EC-BA05-DE448E3A5B46}"
EndProject
Global
	GlobalSection(SolutionConfigurationPlatforms) = preSolution
		Debug|Any CPU = Debug|Any CPU
		Release|Any CPU = Release|Any CPU
	EndGlobalSection
	GlobalSection(ProjectConfigurationPlatforms) = postSolution
		{A28DF5B3-361F-40EC-BA05-DE448E3A5B46}.Debug|Any CPU.ActiveCfg = Debug|Any CPU
		{A28DF5B3-361F-40EC-BA05-DE448E3A5B46}.Debug|Any CPU.Build.0 = Debug|Any CPU
		{A28DF5B3-361F-40EC-BA05-DE448E3A5B46}.Release|Any CPU.ActiveCfg = Release|Any CPU
		{A28DF5B3-361F-40EC-BA05-DE448E3A5B46}.Release|Any CPU.Build.0 = Release|Any CPU
	EndGlobalSection
	GlobalSection(SolutionProperties) = preSolution
		HideSolutionNode = FALSE
	EndGlobalSection
	GlobalSection(ExtensibilityGlobals) = postSolution
		SolutionGuid = {66A59B7A-4308-496C-9008-BFE635CA2EE2}
	EndGlobalSection
EndGlobal
